// !$*UTF8*$!
{
	archiveVersion = 1;
	classes = {
	};
	objectVersion = 46;
	objects = {

/* Begin PBXBuildFile section */
		5E4B173E214B2B34819DC8FB /* libPods.a in Frameworks */ = {isa = PBXBuildFile; fileRef = 5D82EED5F6F27CE1894ADD2B /* libPods.a */; };
		7289E2EC1A0F748100E025AA /* carousel1.png in Resources */ = {isa = PBXBuildFile; fileRef = 7289E2EA1A0F748100E025AA /* carousel1.png */; };
		7289E2ED1A0F748100E025AA /* carousel2.png in Resources */ = {isa = PBXBuildFile; fileRef = 7289E2EB1A0F748100E025AA /* carousel2.png */; };
		72F1168C1A05FA1F00297F7B /* stationgeo.json in Resources */ = {isa = PBXBuildFile; fileRef = 72F1168A1A05FA1F00297F7B /* stationgeo.json */; };
		72F1168D1A05FA1F00297F7B /* stationgeohash.json in Resources */ = {isa = PBXBuildFile; fileRef = 72F1168B1A05FA1F00297F7B /* stationgeohash.json */; };
		C220E39A19F2D7A9009EC1F1 /* StationManagerTests.swift in Sources */ = {isa = PBXBuildFile; fileRef = C220E39919F2D7A9009EC1F1 /* StationManagerTests.swift */; };
		C220E39C19F34936009EC1F1 /* StationManager.swift in Sources */ = {isa = PBXBuildFile; fileRef = C220E39B19F34936009EC1F1 /* StationManager.swift */; };
		C23D7DCF19FE7A860025B89A /* ConfViewController.swift in Sources */ = {isa = PBXBuildFile; fileRef = C23D7DCE19FE7A860025B89A /* ConfViewController.swift */; };
		C2AB7DEF1A06037200CE7540 /* aboutyou_kanryou_03.png in Resources */ = {isa = PBXBuildFile; fileRef = C2AB7DEA1A06037200CE7540 /* aboutyou_kanryou_03.png */; };
		C2AB7DF01A06037200CE7540 /* aboutyou_tojiru_03.png in Resources */ = {isa = PBXBuildFile; fileRef = C2AB7DEB1A06037200CE7540 /* aboutyou_tojiru_03.png */; };
		C2AB7DF11A06037200CE7540 /* home_03.png in Resources */ = {isa = PBXBuildFile; fileRef = C2AB7DEC1A06037200CE7540 /* home_03.png */; };
		C2AB7DF21A06037200CE7540 /* home_06.png in Resources */ = {isa = PBXBuildFile; fileRef = C2AB7DED1A06037200CE7540 /* home_06.png */; };
		C2AB7DF31A06037200CE7540 /* setteihe_03.png in Resources */ = {isa = PBXBuildFile; fileRef = C2AB7DEE1A06037200CE7540 /* setteihe_03.png */; };
		C2B2DE8D1A0F415100F8F825 /* home_07.png in Resources */ = {isa = PBXBuildFile; fileRef = C2B2DE8C1A0F415100F8F825 /* home_07.png */; };
		C2B2DE8F1A0F587800F8F825 /* stnamehash.json in Resources */ = {isa = PBXBuildFile; fileRef = C2B2DE8E1A0F587800F8F825 /* stnamehash.json */; };
		C2B31A4619FE8F5000B29A01 /* GeoHash.m in Sources */ = {isa = PBXBuildFile; fileRef = C2B31A3F19FE8F5000B29A01 /* GeoHash.m */; };
		C2B31A4719FE8F5000B29A01 /* GHArea.m in Sources */ = {isa = PBXBuildFile; fileRef = C2B31A4119FE8F5000B29A01 /* GHArea.m */; };
		C2B31A4819FE8F5000B29A01 /* GHNeighbors.m in Sources */ = {isa = PBXBuildFile; fileRef = C2B31A4319FE8F5000B29A01 /* GHNeighbors.m */; };
		C2B31A4919FE8F5000B29A01 /* GHRange.m in Sources */ = {isa = PBXBuildFile; fileRef = C2B31A4519FE8F5000B29A01 /* GHRange.m */; };
		C2B31A4F19FE8FB700B29A01 /* cgeohash.m in Sources */ = {isa = PBXBuildFile; fileRef = C2B31A4E19FE8FB700B29A01 /* cgeohash.m */; };
		C2B3F86D19F9557000C20598 /* TutorialViewController.swift in Sources */ = {isa = PBXBuildFile; fileRef = C2B3F86C19F9557000C20598 /* TutorialViewController.swift */; };
		C2F03F4C19E2D4870056A63E /* AppDelegate.swift in Sources */ = {isa = PBXBuildFile; fileRef = C2F03F4B19E2D4870056A63E /* AppDelegate.swift */; };
		C2F03F4E19E2D4870056A63E /* ViewController.swift in Sources */ = {isa = PBXBuildFile; fileRef = C2F03F4D19E2D4870056A63E /* ViewController.swift */; };
		C2F03F5119E2D4870056A63E /* Main.storyboard in Resources */ = {isa = PBXBuildFile; fileRef = C2F03F4F19E2D4870056A63E /* Main.storyboard */; };
		C2F03F5319E2D4870056A63E /* Images.xcassets in Resources */ = {isa = PBXBuildFile; fileRef = C2F03F5219E2D4870056A63E /* Images.xcassets */; };
		C2F03F5619E2D4870056A63E /* LaunchScreen.xib in Resources */ = {isa = PBXBuildFile; fileRef = C2F03F5419E2D4870056A63E /* LaunchScreen.xib */; };
		C2F03F6219E2D4870056A63E /* MetroTests.swift in Sources */ = {isa = PBXBuildFile; fileRef = C2F03F6119E2D4870056A63E /* MetroTests.swift */; };
		C2F03F6C19EB64BE0056A63E /* MapKit.framework in Frameworks */ = {isa = PBXBuildFile; fileRef = C2F03F6B19EB64BE0056A63E /* MapKit.framework */; };
		C2F03F7019EBCA950056A63E /* json.swift in Sources */ = {isa = PBXBuildFile; fileRef = C2F03F6F19EBCA950056A63E /* json.swift */; };
		C2F03F7219EBFD970056A63E /* CoreLocation.framework in Frameworks */ = {isa = PBXBuildFile; fileRef = C2F03F7119EBFD970056A63E /* CoreLocation.framework */; };
/* End PBXBuildFile section */

/* Begin PBXContainerItemProxy section */
		C2F03F5C19E2D4870056A63E /* PBXContainerItemProxy */ = {
			isa = PBXContainerItemProxy;
			containerPortal = C2F03F3E19E2D4870056A63E /* Project object */;
			proxyType = 1;
			remoteGlobalIDString = C2F03F4519E2D4870056A63E;
			remoteInfo = Metro;
		};
/* End PBXContainerItemProxy section */

/* Begin PBXFileReference section */
		42A223C1891E87B0AB218974 /* Pods.release.xcconfig */ = {isa = PBXFileReference; includeInIndex = 1; lastKnownFileType = text.xcconfig; name = Pods.release.xcconfig; path = "Pods/Target Support Files/Pods/Pods.release.xcconfig"; sourceTree = "<group>"; };
		5B7AEFB7823FC88554888F72 /* Pods.debug.xcconfig */ = {isa = PBXFileReference; includeInIndex = 1; lastKnownFileType = text.xcconfig; name = Pods.debug.xcconfig; path = "Pods/Target Support Files/Pods/Pods.debug.xcconfig"; sourceTree = "<group>"; };
		5D82EED5F6F27CE1894ADD2B /* libPods.a */ = {isa = PBXFileReference; explicitFileType = archive.ar; includeInIndex = 0; path = libPods.a; sourceTree = BUILT_PRODUCTS_DIR; };
		7289E2EA1A0F748100E025AA /* carousel1.png */ = {isa = PBXFileReference; lastKnownFileType = image.png; path = carousel1.png; sourceTree = "<group>"; };
		7289E2EB1A0F748100E025AA /* carousel2.png */ = {isa = PBXFileReference; lastKnownFileType = image.png; path = carousel2.png; sourceTree = "<group>"; };
		72F1168A1A05FA1F00297F7B /* stationgeo.json */ = {isa = PBXFileReference; fileEncoding = 4; lastKnownFileType = text.json; path = stationgeo.json; sourceTree = "<group>"; };
		72F1168B1A05FA1F00297F7B /* stationgeohash.json */ = {isa = PBXFileReference; fileEncoding = 4; lastKnownFileType = text.json; path = stationgeohash.json; sourceTree = "<group>"; };
		C220E39919F2D7A9009EC1F1 /* StationManagerTests.swift */ = {isa = PBXFileReference; fileEncoding = 4; lastKnownFileType = sourcecode.swift; path = StationManagerTests.swift; sourceTree = "<group>"; };
		C220E39B19F34936009EC1F1 /* StationManager.swift */ = {isa = PBXFileReference; fileEncoding = 4; lastKnownFileType = sourcecode.swift; path = StationManager.swift; sourceTree = "<group>"; };
		C23D7DCE19FE7A860025B89A /* ConfViewController.swift */ = {isa = PBXFileReference; fileEncoding = 4; lastKnownFileType = sourcecode.swift; path = ConfViewController.swift; sourceTree = "<group>"; };
		C2771EFC19F22BE200CEBF58 /* Metro-Bridging-Header.h */ = {isa = PBXFileReference; fileEncoding = 4; lastKnownFileType = sourcecode.c.h; path = "Metro-Bridging-Header.h"; sourceTree = "<group>"; };
		C2AB7DEA1A06037200CE7540 /* aboutyou_kanryou_03.png */ = {isa = PBXFileReference; lastKnownFileType = image.png; path = aboutyou_kanryou_03.png; sourceTree = "<group>"; };
		C2AB7DEB1A06037200CE7540 /* aboutyou_tojiru_03.png */ = {isa = PBXFileReference; lastKnownFileType = image.png; path = aboutyou_tojiru_03.png; sourceTree = "<group>"; };
		C2AB7DEC1A06037200CE7540 /* home_03.png */ = {isa = PBXFileReference; lastKnownFileType = image.png; path = home_03.png; sourceTree = "<group>"; };
		C2AB7DED1A06037200CE7540 /* home_06.png */ = {isa = PBXFileReference; lastKnownFileType = image.png; path = home_06.png; sourceTree = "<group>"; };
		C2AB7DEE1A06037200CE7540 /* setteihe_03.png */ = {isa = PBXFileReference; lastKnownFileType = image.png; path = setteihe_03.png; sourceTree = "<group>"; };
		C2B2DE8C1A0F415100F8F825 /* home_07.png */ = {isa = PBXFileReference; lastKnownFileType = image.png; path = home_07.png; sourceTree = "<group>"; };
		C2B2DE8E1A0F587800F8F825 /* stnamehash.json */ = {isa = PBXFileReference; fileEncoding = 4; lastKnownFileType = text.json; path = stnamehash.json; sourceTree = "<group>"; };
		C2B31A3E19FE8F5000B29A01 /* GeoHash.h */ = {isa = PBXFileReference; fileEncoding = 4; lastKnownFileType = sourcecode.c.h; path = GeoHash.h; sourceTree = "<group>"; };
		C2B31A3F19FE8F5000B29A01 /* GeoHash.m */ = {isa = PBXFileReference; fileEncoding = 4; lastKnownFileType = sourcecode.c.objc; path = GeoHash.m; sourceTree = "<group>"; };
		C2B31A4019FE8F5000B29A01 /* GHArea.h */ = {isa = PBXFileReference; fileEncoding = 4; lastKnownFileType = sourcecode.c.h; path = GHArea.h; sourceTree = "<group>"; };
		C2B31A4119FE8F5000B29A01 /* GHArea.m */ = {isa = PBXFileReference; fileEncoding = 4; lastKnownFileType = sourcecode.c.objc; path = GHArea.m; sourceTree = "<group>"; };
		C2B31A4219FE8F5000B29A01 /* GHNeighbors.h */ = {isa = PBXFileReference; fileEncoding = 4; lastKnownFileType = sourcecode.c.h; path = GHNeighbors.h; sourceTree = "<group>"; };
		C2B31A4319FE8F5000B29A01 /* GHNeighbors.m */ = {isa = PBXFileReference; fileEncoding = 4; lastKnownFileType = sourcecode.c.objc; path = GHNeighbors.m; sourceTree = "<group>"; };
		C2B31A4419FE8F5000B29A01 /* GHRange.h */ = {isa = PBXFileReference; fileEncoding = 4; lastKnownFileType = sourcecode.c.h; path = GHRange.h; sourceTree = "<group>"; };
		C2B31A4519FE8F5000B29A01 /* GHRange.m */ = {isa = PBXFileReference; fileEncoding = 4; lastKnownFileType = sourcecode.c.objc; path = GHRange.m; sourceTree = "<group>"; };
		C2B31A4D19FE8FB700B29A01 /* cgeohash.h */ = {isa = PBXFileReference; fileEncoding = 4; lastKnownFileType = sourcecode.c.h; path = cgeohash.h; sourceTree = "<group>"; };
		C2B31A4E19FE8FB700B29A01 /* cgeohash.m */ = {isa = PBXFileReference; fileEncoding = 4; lastKnownFileType = sourcecode.c.objc; path = cgeohash.m; sourceTree = "<group>"; };
		C2B3F86C19F9557000C20598 /* TutorialViewController.swift */ = {isa = PBXFileReference; fileEncoding = 4; lastKnownFileType = sourcecode.swift; path = TutorialViewController.swift; sourceTree = "<group>"; };
		C2F03F4619E2D4870056A63E /* Metro.app */ = {isa = PBXFileReference; explicitFileType = wrapper.application; includeInIndex = 0; path = Metro.app; sourceTree = BUILT_PRODUCTS_DIR; };
		C2F03F4A19E2D4870056A63E /* Info.plist */ = {isa = PBXFileReference; lastKnownFileType = text.plist.xml; path = Info.plist; sourceTree = "<group>"; };
		C2F03F4B19E2D4870056A63E /* AppDelegate.swift */ = {isa = PBXFileReference; lastKnownFileType = sourcecode.swift; path = AppDelegate.swift; sourceTree = "<group>"; };
		C2F03F4D19E2D4870056A63E /* ViewController.swift */ = {isa = PBXFileReference; lastKnownFileType = sourcecode.swift; path = ViewController.swift; sourceTree = "<group>"; };
		C2F03F5019E2D4870056A63E /* Base */ = {isa = PBXFileReference; lastKnownFileType = file.storyboard; name = Base; path = Base.lproj/Main.storyboard; sourceTree = "<group>"; };
		C2F03F5219E2D4870056A63E /* Images.xcassets */ = {isa = PBXFileReference; lastKnownFileType = folder.assetcatalog; path = Images.xcassets; sourceTree = "<group>"; };
		C2F03F5519E2D4870056A63E /* Base */ = {isa = PBXFileReference; lastKnownFileType = file.xib; name = Base; path = Base.lproj/LaunchScreen.xib; sourceTree = "<group>"; };
		C2F03F5B19E2D4870056A63E /* MetroTests.xctest */ = {isa = PBXFileReference; explicitFileType = wrapper.cfbundle; includeInIndex = 0; path = MetroTests.xctest; sourceTree = BUILT_PRODUCTS_DIR; };
		C2F03F6019E2D4870056A63E /* Info.plist */ = {isa = PBXFileReference; lastKnownFileType = text.plist.xml; path = Info.plist; sourceTree = "<group>"; };
		C2F03F6119E2D4870056A63E /* MetroTests.swift */ = {isa = PBXFileReference; lastKnownFileType = sourcecode.swift; path = MetroTests.swift; sourceTree = "<group>"; };
		C2F03F6B19EB64BE0056A63E /* MapKit.framework */ = {isa = PBXFileReference; lastKnownFileType = wrapper.framework; name = MapKit.framework; path = System/Library/Frameworks/MapKit.framework; sourceTree = SDKROOT; };
		C2F03F6F19EBCA950056A63E /* json.swift */ = {isa = PBXFileReference; lastKnownFileType = sourcecode.swift; name = json.swift; path = ../json.swift; sourceTree = "<group>"; };
		C2F03F7119EBFD970056A63E /* CoreLocation.framework */ = {isa = PBXFileReference; lastKnownFileType = wrapper.framework; name = CoreLocation.framework; path = System/Library/Frameworks/CoreLocation.framework; sourceTree = SDKROOT; };
/* End PBXFileReference section */

/* Begin PBXFrameworksBuildPhase section */
		C2F03F4319E2D4870056A63E /* Frameworks */ = {
			isa = PBXFrameworksBuildPhase;
			buildActionMask = 2147483647;
			files = (
				C2F03F7219EBFD970056A63E /* CoreLocation.framework in Frameworks */,
				C2F03F6C19EB64BE0056A63E /* MapKit.framework in Frameworks */,
				5E4B173E214B2B34819DC8FB /* libPods.a in Frameworks */,
			);
			runOnlyForDeploymentPostprocessing = 0;
		};
		C2F03F5819E2D4870056A63E /* Frameworks */ = {
			isa = PBXFrameworksBuildPhase;
			buildActionMask = 2147483647;
			files = (
			);
			runOnlyForDeploymentPostprocessing = 0;
		};
/* End PBXFrameworksBuildPhase section */

/* Begin PBXGroup section */
		72F116891A05FA1F00297F7B /* Jsons */ = {
			isa = PBXGroup;
			children = (
				C2B2DE8E1A0F587800F8F825 /* stnamehash.json */,
				72F1168A1A05FA1F00297F7B /* stationgeo.json */,
				72F1168B1A05FA1F00297F7B /* stationgeohash.json */,
			);
			path = Jsons;
			sourceTree = "<group>";
		};
		733A7A16DAAEA8140D7AF07B /* Pods */ = {
			isa = PBXGroup;
			children = (
				5B7AEFB7823FC88554888F72 /* Pods.debug.xcconfig */,
				42A223C1891E87B0AB218974 /* Pods.release.xcconfig */,
			);
			name = Pods;
			sourceTree = "<group>";
		};
		74851EF3BE99480B6CA054D1 /* Frameworks */ = {
			isa = PBXGroup;
			children = (
				5D82EED5F6F27CE1894ADD2B /* libPods.a */,
			);
			name = Frameworks;
			sourceTree = "<group>";
		};
		C2AB7DE91A06037200CE7540 /* assets */ = {
			isa = PBXGroup;
			children = (
				7289E2EA1A0F748100E025AA /* carousel1.png */,
				7289E2EB1A0F748100E025AA /* carousel2.png */,
				C2B2DE8C1A0F415100F8F825 /* home_07.png */,
				C2AB7DEA1A06037200CE7540 /* aboutyou_kanryou_03.png */,
				C2AB7DEB1A06037200CE7540 /* aboutyou_tojiru_03.png */,
				C2AB7DEC1A06037200CE7540 /* home_03.png */,
				C2AB7DED1A06037200CE7540 /* home_06.png */,
				C2AB7DEE1A06037200CE7540 /* setteihe_03.png */,
			);
			path = assets;
			sourceTree = "<group>";
		};
		C2F03F3D19E2D4870056A63E = {
			isa = PBXGroup;
			children = (
				C2F03F7119EBFD970056A63E /* CoreLocation.framework */,
				C2F03F6B19EB64BE0056A63E /* MapKit.framework */,
				C2F03F4819E2D4870056A63E /* Metro */,
				C2F03F5E19E2D4870056A63E /* MetroTests */,
				C2F03F4719E2D4870056A63E /* Products */,
				733A7A16DAAEA8140D7AF07B /* Pods */,
				74851EF3BE99480B6CA054D1 /* Frameworks */,
			);
			sourceTree = "<group>";
		};
		C2F03F4719E2D4870056A63E /* Products */ = {
			isa = PBXGroup;
			children = (
				C2F03F4619E2D4870056A63E /* Metro.app */,
				C2F03F5B19E2D4870056A63E /* MetroTests.xctest */,
			);
			name = Products;
			sourceTree = "<group>";
		};
		C2F03F4819E2D4870056A63E /* Metro */ = {
			isa = PBXGroup;
			children = (
				C2AB7DE91A06037200CE7540 /* assets */,
				72F116891A05FA1F00297F7B /* Jsons */,
				C2B31A4D19FE8FB700B29A01 /* cgeohash.h */,
				C2B31A4E19FE8FB700B29A01 /* cgeohash.m */,
				C2B31A3E19FE8F5000B29A01 /* GeoHash.h */,
				C2B31A3F19FE8F5000B29A01 /* GeoHash.m */,
				C2B31A4019FE8F5000B29A01 /* GHArea.h */,
				C2B31A4119FE8F5000B29A01 /* GHArea.m */,
				C2B31A4219FE8F5000B29A01 /* GHNeighbors.h */,
				C2B31A4319FE8F5000B29A01 /* GHNeighbors.m */,
				C2B31A4419FE8F5000B29A01 /* GHRange.h */,
				C2B31A4519FE8F5000B29A01 /* GHRange.m */,
				C2F03F6F19EBCA950056A63E /* json.swift */,
				C2F03F4B19E2D4870056A63E /* AppDelegate.swift */,
				C2F03F4D19E2D4870056A63E /* ViewController.swift */,
				C2F03F4F19E2D4870056A63E /* Main.storyboard */,
				C2F03F5219E2D4870056A63E /* Images.xcassets */,
				C2F03F5419E2D4870056A63E /* LaunchScreen.xib */,
				C2F03F4919E2D4870056A63E /* Supporting Files */,
				C2771EFC19F22BE200CEBF58 /* Metro-Bridging-Header.h */,
				C220E39B19F34936009EC1F1 /* StationManager.swift */,
				C2B3F86C19F9557000C20598 /* TutorialViewController.swift */,
				C23D7DCE19FE7A860025B89A /* ConfViewController.swift */,
			);
			path = Metro;
			sourceTree = "<group>";
		};
		C2F03F4919E2D4870056A63E /* Supporting Files */ = {
			isa = PBXGroup;
			children = (
				C2F03F4A19E2D4870056A63E /* Info.plist */,
			);
			name = "Supporting Files";
			sourceTree = "<group>";
		};
		C2F03F5E19E2D4870056A63E /* MetroTests */ = {
			isa = PBXGroup;
			children = (
				C2F03F6119E2D4870056A63E /* MetroTests.swift */,
				C220E39919F2D7A9009EC1F1 /* StationManagerTests.swift */,
				C2F03F5F19E2D4870056A63E /* Supporting Files */,
			);
			path = MetroTests;
			sourceTree = "<group>";
		};
		C2F03F5F19E2D4870056A63E /* Supporting Files */ = {
			isa = PBXGroup;
			children = (
				C2F03F6019E2D4870056A63E /* Info.plist */,
			);
			name = "Supporting Files";
			sourceTree = "<group>";
		};
/* End PBXGroup section */

/* Begin PBXNativeTarget section */
		C2F03F4519E2D4870056A63E /* Metro */ = {
			isa = PBXNativeTarget;
			buildConfigurationList = C2F03F6519E2D4870056A63E /* Build configuration list for PBXNativeTarget "Metro" */;
			buildPhases = (
				1B6CDAF62002869009C8294B /* Check Pods Manifest.lock */,
				C2F03F4219E2D4870056A63E /* Sources */,
				C2F03F4319E2D4870056A63E /* Frameworks */,
				C2F03F4419E2D4870056A63E /* Resources */,
				FBC2172DD4BEA79CD37F7FAA /* Copy Pods Resources */,
			);
			buildRules = (
			);
			dependencies = (
			);
			name = Metro;
			productName = Metro;
			productReference = C2F03F4619E2D4870056A63E /* Metro.app */;
			productType = "com.apple.product-type.application";
		};
		C2F03F5A19E2D4870056A63E /* MetroTests */ = {
			isa = PBXNativeTarget;
			buildConfigurationList = C2F03F6819E2D4870056A63E /* Build configuration list for PBXNativeTarget "MetroTests" */;
			buildPhases = (
				C2F03F5719E2D4870056A63E /* Sources */,
				C2F03F5819E2D4870056A63E /* Frameworks */,
				C2F03F5919E2D4870056A63E /* Resources */,
			);
			buildRules = (
			);
			dependencies = (
				C2F03F5D19E2D4870056A63E /* PBXTargetDependency */,
			);
			name = MetroTests;
			productName = MetroTests;
			productReference = C2F03F5B19E2D4870056A63E /* MetroTests.xctest */;
			productType = "com.apple.product-type.bundle.unit-test";
		};
/* End PBXNativeTarget section */

/* Begin PBXProject section */
		C2F03F3E19E2D4870056A63E /* Project object */ = {
			isa = PBXProject;
			attributes = {
				LastUpgradeCheck = 0600;
				ORGANIZATIONNAME = job2;
				TargetAttributes = {
					C2F03F4519E2D4870056A63E = {
						CreatedOnToolsVersion = 6.0.1;
						SystemCapabilities = {
							com.apple.BackgroundModes = {
								enabled = 1;
							};
						};
					};
					C2F03F5A19E2D4870056A63E = {
						CreatedOnToolsVersion = 6.0.1;
						TestTargetID = C2F03F4519E2D4870056A63E;
					};
				};
			};
			buildConfigurationList = C2F03F4119E2D4870056A63E /* Build configuration list for PBXProject "Metro" */;
			compatibilityVersion = "Xcode 3.2";
			developmentRegion = English;
			hasScannedForEncodings = 0;
			knownRegions = (
				en,
				Base,
			);
			mainGroup = C2F03F3D19E2D4870056A63E;
			productRefGroup = C2F03F4719E2D4870056A63E /* Products */;
			projectDirPath = "";
			projectRoot = "";
			targets = (
				C2F03F4519E2D4870056A63E /* Metro */,
				C2F03F5A19E2D4870056A63E /* MetroTests */,
			);
		};
/* End PBXProject section */

/* Begin PBXResourcesBuildPhase section */
		C2F03F4419E2D4870056A63E /* Resources */ = {
			isa = PBXResourcesBuildPhase;
			buildActionMask = 2147483647;
			files = (
				7289E2ED1A0F748100E025AA /* carousel2.png in Resources */,
				72F1168C1A05FA1F00297F7B /* stationgeo.json in Resources */,
				C2AB7DF21A06037200CE7540 /* home_06.png in Resources */,
				C2AB7DF11A06037200CE7540 /* home_03.png in Resources */,
				C2AB7DF31A06037200CE7540 /* setteihe_03.png in Resources */,
				72F1168D1A05FA1F00297F7B /* stationgeohash.json in Resources */,
				C2F03F5119E2D4870056A63E /* Main.storyboard in Resources */,
				C2B2DE8D1A0F415100F8F825 /* home_07.png in Resources */,
				C2F03F5619E2D4870056A63E /* LaunchScreen.xib in Resources */,
				C2AB7DEF1A06037200CE7540 /* aboutyou_kanryou_03.png in Resources */,
				7289E2EC1A0F748100E025AA /* carousel1.png in Resources */,
				C2AB7DF01A06037200CE7540 /* aboutyou_tojiru_03.png in Resources */,
				C2F03F5319E2D4870056A63E /* Images.xcassets in Resources */,
				C2B2DE8F1A0F587800F8F825 /* stnamehash.json in Resources */,
			);
			runOnlyForDeploymentPostprocessing = 0;
		};
		C2F03F5919E2D4870056A63E /* Resources */ = {
			isa = PBXResourcesBuildPhase;
			buildActionMask = 2147483647;
			files = (
			);
			runOnlyForDeploymentPostprocessing = 0;
		};
/* End PBXResourcesBuildPhase section */

/* Begin PBXShellScriptBuildPhase section */
		1B6CDAF62002869009C8294B /* Check Pods Manifest.lock */ = {
			isa = PBXShellScriptBuildPhase;
			buildActionMask = 2147483647;
			files = (
			);
			inputPaths = (
			);
			name = "Check Pods Manifest.lock";
			outputPaths = (
			);
			runOnlyForDeploymentPostprocessing = 0;
			shellPath = /bin/sh;
			shellScript = "diff \"${PODS_ROOT}/../Podfile.lock\" \"${PODS_ROOT}/Manifest.lock\" > /dev/null\nif [[ $? != 0 ]] ; then\n    cat << EOM\nerror: The sandbox is not in sync with the Podfile.lock. Run 'pod install' or update your CocoaPods installation.\nEOM\n    exit 1\nfi\n";
			showEnvVarsInLog = 0;
		};
		FBC2172DD4BEA79CD37F7FAA /* Copy Pods Resources */ = {
			isa = PBXShellScriptBuildPhase;
			buildActionMask = 2147483647;
			files = (
			);
			inputPaths = (
			);
			name = "Copy Pods Resources";
			outputPaths = (
			);
			runOnlyForDeploymentPostprocessing = 0;
			shellPath = /bin/sh;
			shellScript = "\"${SRCROOT}/Pods/Target Support Files/Pods/Pods-resources.sh\"\n";
			showEnvVarsInLog = 0;
		};
/* End PBXShellScriptBuildPhase section */

/* Begin PBXSourcesBuildPhase section */
		C2F03F4219E2D4870056A63E /* Sources */ = {
			isa = PBXSourcesBuildPhase;
			buildActionMask = 2147483647;
			files = (
				C2B31A4819FE8F5000B29A01 /* GHNeighbors.m in Sources */,
				C220E39C19F34936009EC1F1 /* StationManager.swift in Sources */,
				C2B3F86D19F9557000C20598 /* TutorialViewController.swift in Sources */,
				C2B31A4619FE8F5000B29A01 /* GeoHash.m in Sources */,
				C2B31A4719FE8F5000B29A01 /* GHArea.m in Sources */,
				C23D7DCF19FE7A860025B89A /* ConfViewController.swift in Sources */,
				C2B31A4F19FE8FB700B29A01 /* cgeohash.m in Sources */,
				C2B31A4919FE8F5000B29A01 /* GHRange.m in Sources */,
				C2F03F7019EBCA950056A63E /* json.swift in Sources */,
				C2F03F4E19E2D4870056A63E /* ViewController.swift in Sources */,
				C2F03F4C19E2D4870056A63E /* AppDelegate.swift in Sources */,
			);
			runOnlyForDeploymentPostprocessing = 0;
		};
		C2F03F5719E2D4870056A63E /* Sources */ = {
			isa = PBXSourcesBuildPhase;
			buildActionMask = 2147483647;
			files = (
				C220E39A19F2D7A9009EC1F1 /* StationManagerTests.swift in Sources */,
				C2F03F6219E2D4870056A63E /* MetroTests.swift in Sources */,
			);
			runOnlyForDeploymentPostprocessing = 0;
		};
/* End PBXSourcesBuildPhase section */

/* Begin PBXTargetDependency section */
		C2F03F5D19E2D4870056A63E /* PBXTargetDependency */ = {
			isa = PBXTargetDependency;
			target = C2F03F4519E2D4870056A63E /* Metro */;
			targetProxy = C2F03F5C19E2D4870056A63E /* PBXContainerItemProxy */;
		};
/* End PBXTargetDependency section */

/* Begin PBXVariantGroup section */
		C2F03F4F19E2D4870056A63E /* Main.storyboard */ = {
			isa = PBXVariantGroup;
			children = (
				C2F03F5019E2D4870056A63E /* Base */,
			);
			name = Main.storyboard;
			sourceTree = "<group>";
		};
		C2F03F5419E2D4870056A63E /* LaunchScreen.xib */ = {
			isa = PBXVariantGroup;
			children = (
				C2F03F5519E2D4870056A63E /* Base */,
			);
			name = LaunchScreen.xib;
			sourceTree = "<group>";
		};
/* End PBXVariantGroup section */

/* Begin XCBuildConfiguration section */
		C2F03F6319E2D4870056A63E /* Debug */ = {
			isa = XCBuildConfiguration;
			baseConfigurationReference = 5B7AEFB7823FC88554888F72 /* Pods.debug.xcconfig */;
			buildSettings = {
				ALWAYS_SEARCH_USER_PATHS = NO;
				CLANG_CXX_LANGUAGE_STANDARD = "gnu++0x";
				CLANG_CXX_LIBRARY = "libc++";
				CLANG_ENABLE_MODULES = YES;
				CLANG_ENABLE_OBJC_ARC = YES;
				CLANG_WARN_BOOL_CONVERSION = YES;
				CLANG_WARN_CONSTANT_CONVERSION = YES;
				CLANG_WARN_DIRECT_OBJC_ISA_USAGE = YES_ERROR;
				CLANG_WARN_EMPTY_BODY = YES;
				CLANG_WARN_ENUM_CONVERSION = YES;
				CLANG_WARN_INT_CONVERSION = YES;
				CLANG_WARN_OBJC_ROOT_CLASS = YES_ERROR;
				CLANG_WARN_UNREACHABLE_CODE = YES;
				CLANG_WARN__DUPLICATE_METHOD_MATCH = YES;
				"CODE_SIGN_IDENTITY[sdk=iphoneos*]" = "iPhone Developer";
				COPY_PHASE_STRIP = NO;
				ENABLE_STRICT_OBJC_MSGSEND = YES;
				GCC_C_LANGUAGE_STANDARD = gnu99;
				GCC_DYNAMIC_NO_PIC = NO;
				GCC_OPTIMIZATION_LEVEL = 0;
				GCC_PREPROCESSOR_DEFINITIONS = (
					"DEBUG=1",
					"$(inherited)",
				);
				GCC_SYMBOLS_PRIVATE_EXTERN = NO;
				GCC_WARN_64_TO_32_BIT_CONVERSION = YES;
				GCC_WARN_ABOUT_RETURN_TYPE = YES_ERROR;
				GCC_WARN_UNDECLARED_SELECTOR = YES;
				GCC_WARN_UNINITIALIZED_AUTOS = YES_AGGRESSIVE;
				GCC_WARN_UNUSED_FUNCTION = YES;
				GCC_WARN_UNUSED_VARIABLE = YES;
				IPHONEOS_DEPLOYMENT_TARGET = 8.0;
				MTL_ENABLE_DEBUG_INFO = YES;
				ONLY_ACTIVE_ARCH = YES;
				SDKROOT = iphoneos;
				SWIFT_OPTIMIZATION_LEVEL = "-Onone";
			};
			name = Debug;
		};
		C2F03F6419E2D4870056A63E /* Release */ = {
			isa = XCBuildConfiguration;
			baseConfigurationReference = 42A223C1891E87B0AB218974 /* Pods.release.xcconfig */;
			buildSettings = {
				ALWAYS_SEARCH_USER_PATHS = NO;
				CLANG_CXX_LANGUAGE_STANDARD = "gnu++0x";
				CLANG_CXX_LIBRARY = "libc++";
				CLANG_ENABLE_MODULES = YES;
				CLANG_ENABLE_OBJC_ARC = YES;
				CLANG_WARN_BOOL_CONVERSION = YES;
				CLANG_WARN_CONSTANT_CONVERSION = YES;
				CLANG_WARN_DIRECT_OBJC_ISA_USAGE = YES_ERROR;
				CLANG_WARN_EMPTY_BODY = YES;
				CLANG_WARN_ENUM_CONVERSION = YES;
				CLANG_WARN_INT_CONVERSION = YES;
				CLANG_WARN_OBJC_ROOT_CLASS = YES_ERROR;
				CLANG_WARN_UNREACHABLE_CODE = YES;
				CLANG_WARN__DUPLICATE_METHOD_MATCH = YES;
				"CODE_SIGN_IDENTITY[sdk=iphoneos*]" = "iPhone Developer";
				COPY_PHASE_STRIP = YES;
				ENABLE_NS_ASSERTIONS = NO;
				ENABLE_STRICT_OBJC_MSGSEND = YES;
				GCC_C_LANGUAGE_STANDARD = gnu99;
				GCC_WARN_64_TO_32_BIT_CONVERSION = YES;
				GCC_WARN_ABOUT_RETURN_TYPE = YES_ERROR;
				GCC_WARN_UNDECLARED_SELECTOR = YES;
				GCC_WARN_UNINITIALIZED_AUTOS = YES_AGGRESSIVE;
				GCC_WARN_UNUSED_FUNCTION = YES;
				GCC_WARN_UNUSED_VARIABLE = YES;
				IPHONEOS_DEPLOYMENT_TARGET = 8.0;
				MTL_ENABLE_DEBUG_INFO = NO;
				SDKROOT = iphoneos;
				VALIDATE_PRODUCT = YES;
			};
			name = Release;
		};
		C2F03F6619E2D4870056A63E /* Debug */ = {
			isa = XCBuildConfiguration;
			baseConfigurationReference = 5B7AEFB7823FC88554888F72 /* Pods.debug.xcconfig */;
			buildSettings = {
				ASSETCATALOG_COMPILER_APPICON_NAME = AppIcon;
				FRAMEWORK_SEARCH_PATHS = "$(inherited)";
				HEADER_SEARCH_PATHS = "$(inherited)";
				INFOPLIST_FILE = Metro/Info.plist;
				LD_RUNPATH_SEARCH_PATHS = "$(inherited) @executable_path/Frameworks";
				LIBRARY_SEARCH_PATHS = "";
				PRODUCT_NAME = "$(TARGET_NAME)";
				SWIFT_OBJC_BRIDGING_HEADER = "Metro/Metro-Bridging-Header.h";
			};
			name = Debug;
		};
		C2F03F6719E2D4870056A63E /* Release */ = {
			isa = XCBuildConfiguration;
			baseConfigurationReference = 42A223C1891E87B0AB218974 /* Pods.release.xcconfig */;
			buildSettings = {
				ASSETCATALOG_COMPILER_APPICON_NAME = AppIcon;
				FRAMEWORK_SEARCH_PATHS = "$(inherited)";
				HEADER_SEARCH_PATHS = "$(inherited)";
				INFOPLIST_FILE = Metro/Info.plist;
				LD_RUNPATH_SEARCH_PATHS = "$(inherited) @executable_path/Frameworks";
				LIBRARY_SEARCH_PATHS = "";
				PRODUCT_NAME = "$(TARGET_NAME)";
				SWIFT_OBJC_BRIDGING_HEADER = "Metro/Metro-Bridging-Header.h";
			};
			name = Release;
		};
		C2F03F6919E2D4870056A63E /* Debug */ = {
			isa = XCBuildConfiguration;
			baseConfigurationReference = 5B7AEFB7823FC88554888F72 /* Pods.debug.xcconfig */;
			buildSettings = {
				BUNDLE_LOADER = "$(TEST_HOST)";
				FRAMEWORK_SEARCH_PATHS = (
					"$(SDKROOT)/Developer/Library/Frameworks",
					"$(inherited)",
				);
				GCC_PREPROCESSOR_DEFINITIONS = (
					"DEBUG=1",
					"$(inherited)",
				);
				INFOPLIST_FILE = MetroTests/Info.plist;
				LD_RUNPATH_SEARCH_PATHS = "$(inherited) @executable_path/Frameworks @loader_path/Frameworks";
				PRODUCT_NAME = "$(TARGET_NAME)";
				TEST_HOST = "$(BUILT_PRODUCTS_DIR)/Metro.app/Metro";
			};
			name = Debug;
		};
		C2F03F6A19E2D4870056A63E /* Release */ = {
			isa = XCBuildConfiguration;
			baseConfigurationReference = 42A223C1891E87B0AB218974 /* Pods.release.xcconfig */;
			buildSettings = {
				BUNDLE_LOADER = "$(TEST_HOST)";
				FRAMEWORK_SEARCH_PATHS = (
					"$(SDKROOT)/Developer/Library/Frameworks",
					"$(inherited)",
				);
				INFOPLIST_FILE = MetroTests/Info.plist;
				LD_RUNPATH_SEARCH_PATHS = "$(inherited) @executable_path/Frameworks @loader_path/Frameworks";
				PRODUCT_NAME = "$(TARGET_NAME)";
				TEST_HOST = "$(BUILT_PRODUCTS_DIR)/Metro.app/Metro";
			};
			name = Release;
		};
/* End XCBuildConfiguration section */

/* Begin XCConfigurationList section */
		C2F03F4119E2D4870056A63E /* Build configuration list for PBXProject "Metro" */ = {
			isa = XCConfigurationList;
			buildConfigurations = (
				C2F03F6319E2D4870056A63E /* Debug */,
				C2F03F6419E2D4870056A63E /* Release */,
			);
			defaultConfigurationIsVisible = 0;
			defaultConfigurationName = Release;
		};
		C2F03F6519E2D4870056A63E /* Build configuration list for PBXNativeTarget "Metro" */ = {
			isa = XCConfigurationList;
			buildConfigurations = (
				C2F03F6619E2D4870056A63E /* Debug */,
				C2F03F6719E2D4870056A63E /* Release */,
			);
			defaultConfigurationIsVisible = 0;
			defaultConfigurationName = Release;
		};
		C2F03F6819E2D4870056A63E /* Build configuration list for PBXNativeTarget "MetroTests" */ = {
			isa = XCConfigurationList;
			buildConfigurations = (
				C2F03F6919E2D4870056A63E /* Debug */,
				C2F03F6A19E2D4870056A63E /* Release */,
			);
			defaultConfigurationIsVisible = 0;
			defaultConfigurationName = Release;
		};
/* End XCConfigurationList section */
	};
	rootObject = C2F03F3E19E2D4870056A63E /* Project object */;
}
